
Microsoft Visual Studio Solution File, Format Version 12.00
# Visual Studio Version 16
VisualStudioVersion = 16.0.30907.101
MinimumVisualStudioVersion = 10.0.40219.1
Project("{FAE04EC0-301F-11D3-BF4B-00C04F79EFBC}") = "NumericCalculus1", "NumericCalculus1\NumericCalculus1.csproj", "{362E01CA-FC0F-4BB8-8751-0E297F1B6C6B}"
EndProject
Global
	GlobalSection(SolutionConfigurationPlatforms) = preSolution
		Debug|Any CPU = Debug|Any CPU
		Release|Any CPU = Release|Any CPU
	EndGlobalSection
	GlobalSection(ProjectConfigurationPlatforms) = postSolution
		{362E01CA-FC0F-4BB8-8751-0E297F1B6C6B}.Debug|Any CPU.ActiveCfg = Debug|Any CPU
		{362E01CA-FC0F-4BB8-8751-0E297F1B6C6B}.Debug|Any CPU.Build.0 = Debug|Any CPU
		{362E01CA-FC0F-4BB8-8751-0E297F1B6C6B}.Release|Any CPU.ActiveCfg = Release|Any CPU
		{362E01CA-FC0F-4BB8-8751-0E297F1B6C6B}.Release|Any CPU.Build.0 = Release|Any CPU
	EndGlobalSection
	GlobalSection(SolutionProperties) = preSolution
		HideSolutionNode = FALSE
	EndGlobalSection
	GlobalSection(ExtensibilityGlobals) = postSolution
		SolutionGuid = {E6D8474A-AD2A-492A-A77C-21F5C8568E15}
	EndGlobalSection
EndGlobal
