
Microsoft Visual Studio Solution File, Format Version 12.00
# Visual Studio Version 16
VisualStudioVersion = 16.0.30907.101
MinimumVisualStudioVersion = 10.0.40219.1
Project("{FAE04EC0-301F-11D3-BF4B-00C04F79EFBC}") = "NumericCalculus7", "NumericCalculus7\NumericCalculus7.csproj", "{D13FF05B-4B34-4678-9E64-9B2B155111BC}"
EndProject
Global
	GlobalSection(SolutionConfigurationPlatforms) = preSolution
		Debug|Any CPU = Debug|Any CPU
		Release|Any CPU = Release|Any CPU
	EndGlobalSection
	GlobalSection(ProjectConfigurationPlatforms) = postSolution
		{D13FF05B-4B34-4678-9E64-9B2B155111BC}.Debug|Any CPU.ActiveCfg = Debug|Any CPU
		{D13FF05B-4B34-4678-9E64-9B2B155111BC}.Debug|Any CPU.Build.0 = Debug|Any CPU
		{D13FF05B-4B34-4678-9E64-9B2B155111BC}.Release|Any CPU.ActiveCfg = Release|Any CPU
		{D13FF05B-4B34-4678-9E64-9B2B155111BC}.Release|Any CPU.Build.0 = Release|Any CPU
	EndGlobalSection
	GlobalSection(SolutionProperties) = preSolution
		HideSolutionNode = FALSE
	EndGlobalSection
	GlobalSection(ExtensibilityGlobals) = postSolution
		SolutionGuid = {CF533641-A6E7-45DC-81B9-7BF6D209576A}
	EndGlobalSection
EndGlobal
